<?xml version="1.0" encoding="utf-8"?>
<Project ToolsVersion="4.0" xmlns="http://schemas.microsoft.com/developer/msbuild/2003">
  <ItemGroup>
    <Filter Include="Dimension">
      <UniqueIdentifier>{9ea141b3-1b81-4e57-b782-7fe15afe95a8}</UniqueIdentifier>
    </Filter>
    <Filter Include="Linear">
      <UniqueIdentifier>{973336da-fd3b-448b-9f65-3ddd05eb2a85}</UniqueIdentifier>
    </Filter>
    <Filter Include="Generic">
      <UniqueIdentifier>{5f793793-47c6-41c1-ac79-742ce080d85b}</UniqueIdentifier>
    </Filter>
    <Filter Include="Geometry">
      <UniqueIdentifier>{45ebf23c-d933-4099-8369-5da4905c5c02}</UniqueIdentifier>
    </Filter>
    <Filter Include="Basic">
      <UniqueIdentifier>{75cc79fd-7775-49e2-85d2-eb07463df978}</UniqueIdentifier>
    </Filter>
  </ItemGroup>
  <ItemGroup>
    <ClInclude Include="Math.h" />
    <ClInclude Include="Basic\NumTrait.hpp">
      <Filter>Basic</Filter>
    </ClInclude>
    <ClInclude Include="Basic\Complex.hpp">
      <Filter>Basic</Filter>
    </ClInclude>
    <ClInclude Include="Basic\Array.hpp">
      <Filter>Basic</Filter>
    </ClInclude>
    <ClInclude Include="Basic\Matrix.hpp">
      <Filter>Basic</Filter>
    </ClInclude>
    <ClInclude Include="Basic\Vector.hpp">
      <Filter>Basic</Filter>
    </ClInclude>
    <ClInclude Include="Math.hpp" />
    <ClInclude Include="Basic\Index.hpp">
      <Filter>Basic</Filter>
    </ClInclude>
    <ClInclude Include="Space\R2.hpp">
      <Filter>Geometry</Filter>
    </ClInclude>
    <ClInclude Include="Space\R3.hpp">
      <Filter>Geometry</Filter>
    </ClInclude>
    <ClInclude Include="Linear\Linear.hpp">
      <Filter>Linear</Filter>
    </ClInclude>
    <ClInclude Include="Generic\CoordSystem.hpp">
      <Filter>Generic</Filter>
    </ClInclude>
    <ClInclude Include="Space\C1.hpp">
      <Filter>Geometry</Filter>
    </ClInclude>
    <ClInclude Include="Basic\Trigonometry.hpp">
      <Filter>Basic</Filter>
    </ClInclude>
    <ClInclude Include="Generic\ParametricFunction.hpp">
      <Filter>Generic</Filter>
    </ClInclude>
    <ClInclude Include="Generic\Curve.hpp">
      <Filter>Generic</Filter>
    </ClInclude>
    <ClInclude Include="Generic\Point.hpp">
      <Filter>Generic</Filter>
    </ClInclude>
    <ClInclude Include="Generic\Quadratic.hpp">
      <Filter>Generic</Filter>
    </ClInclude>
    <ClInclude Include="Generic\Plane.hpp">
      <Filter>Generic</Filter>
    </ClInclude>
    <ClInclude Include="Basic\Tensor.hpp">
      <Filter>Basic</Filter>
    </ClInclude>
  </ItemGroup>
</Project>